{
  "name": "inv-see",
  "lockfileVersion": 3,
  "requires": true,
  "packages": {
    "": {
      "dependencies": {
        "-": "^0.0.1",
        "@minecraft/server": "^1.6.0-beta.1.20.30-preview.24",
        "@minecraft/server-ui": "^1.1.0",
        "add": "^2.0.6",
        "tsc": "^2.0.4"
      },
      "devDependencies": {
        "typescript": "^5.1.6"
      }
    },
    "node_modules/-": {
      "version": "0.0.1",
      "resolved": "https://registry.npmjs.org/-/-/--0.0.1.tgz",
      "integrity": "sha512-3HfneK3DGAm05fpyj20sT3apkNcvPpCuccOThOPdzz8sY7GgQGe0l93XH9bt+YzibcTIgUAIMoyVJI740RtgyQ=="
    },
    "node_modules/@minecraft/server": {
      "version": "1.6.0-beta.1.20.30-preview.24",
      "resolved": "https://registry.npmjs.org/@minecraft/server/-/server-1.6.0-beta.1.20.30-preview.24.tgz",
      "integrity": "sha512-uCnFte+ysi3F4z9U1IKba3l1XbelaCv3XEtSLSc3TqpVTf0BegtQuhx+sLDyORd1qGC6rGD9dseg8NsJoJYG0w=="
    },
    "node_modules/@minecraft/server-ui": {
      "version": "1.1.0",
      "resolved": "https://registry.npmjs.org/@minecraft/server-ui/-/server-ui-1.1.0.tgz",
      "integrity": "sha512-Gnf+GHjjT4VFoXEt7qjrfDRipDgc93YcXbgTmdPTQ5Og3DIRD003ahH97tGMZmeNdsB+ymvAquf+o2o9W2pDjw==",
      "dependencies": {
        "@minecraft/server": "^1.2.0"
      }
    },
    "node_modules/@minecraft/server-ui/node_modules/@minecraft/server": {
      "version": "1.3.0",
      "resolved": "https://registry.npmjs.org/@minecraft/server/-/server-1.3.0.tgz",
      "integrity": "sha512-FlR3ZpUi+KelJjf3EsYE50ymPfnWt61YZH3lwgvCdgjAJ2JeLz1zYupHkvoIvkqNhx7mkhe4kMnNXvh2OS5y2g=="
    },
    "node_modules/add": {
      "version": "2.0.6",
      "resolved": "https://registry.npmjs.org/add/-/add-2.0.6.tgz",
      "integrity": "sha512-j5QzrmsokwWWp6kUcJQySpbG+xfOBqqKnup3OIk1pz+kB/80SLorZ9V8zHFLO92Lcd+hbvq8bT+zOGoPkmBV0Q=="
    },
    "node_modules/tsc": {
      "version": "2.0.4",
      "resolved": "https://registry.npmjs.org/tsc/-/tsc-2.0.4.tgz",
      "integrity": "sha512-fzoSieZI5KKJVBYGvwbVZs/J5za84f2lSTLPYf6AGiIf43tZ3GNrI1QzTLcjtyDDP4aLxd46RTZq1nQxe7+k5Q==",
      "bin": {
        "tsc": "bin/tsc"
      }
    },
    "node_modules/typescript": {
      "version": "5.1.6",
      "resolved": "https://registry.npmjs.org/typescript/-/typescript-5.1.6.tgz",
      "integrity": "sha512-zaWCozRZ6DLEWAWFrVDz1H6FVXzUSfTy5FUMWsQlU8Ym5JP9eO4xkTIROFCQvhQf61z6O/G6ugw3SgAnvvm+HA==",
      "dev": true,
      "bin": {
        "tsc": "bin/tsc",
        "tsserver": "bin/tsserver"
      },
      "engines": {
        "node": ">=14.17"
      }
    }
  }
}
